
Microsoft Visual Studio Solution File, Format Version 12.00
# Visual Studio Version 16
VisualStudioVersion = 16.0.30907.101
MinimumVisualStudioVersion = 10.0.40219.1
Project("{888888A0-9F3D-457C-B088-3A5042F75D52}") = "test", "test\test.pyproj", "{B837830B-5894-45C2-8F81-15C605A3B194}"
EndProject
Project("{888888A0-9F3D-457C-B088-3A5042F75D52}") = "RPG", "RPG\RPG.pyproj", "{3B21C401-61D9-422B-B18C-0B57B68D157B}"
EndProject
Global
	GlobalSection(SolutionConfigurationPlatforms) = preSolution
		Debug|Any CPU = Debug|Any CPU
		Release|Any CPU = Release|Any CPU
	EndGlobalSection
	GlobalSection(ProjectConfigurationPlatforms) = postSolution
		{B837830B-5894-45C2-8F81-15C605A3B194}.Debug|Any CPU.ActiveCfg = Debug|Any CPU
		{B837830B-5894-45C2-8F81-15C605A3B194}.Release|Any CPU.ActiveCfg = Release|Any CPU
		{3B21C401-61D9-422B-B18C-0B57B68D157B}.Debug|Any CPU.ActiveCfg = Debug|Any CPU
		{3B21C401-61D9-422B-B18C-0B57B68D157B}.Release|Any CPU.ActiveCfg = Release|Any CPU
	EndGlobalSection
	GlobalSection(SolutionProperties) = preSolution
		HideSolutionNode = FALSE
	EndGlobalSection
	GlobalSection(ExtensibilityGlobals) = postSolution
		SolutionGuid = {4293010A-D695-495C-A153-5A9F1C4C2694}
	EndGlobalSection
EndGlobal
